
Microsoft Visual Studio Solution File, Format Version 12.00
# Visual Studio Version 17
VisualStudioVersion = 17.0.31903.59
MinimumVisualStudioVersion = 10.0.40219.1
Project("{FAE04EC0-301F-11D3-BF4B-00C04F79EFBC}") = "Kkindle.App", "src\Kkindle.App\Kkindle.App.csproj", "{2E9D6B47-1C58-4A03-9F62-5D8E71A4C3B0}"
EndProject
Project("{FAE04EC0-301F-11D3-BF4B-00C04F79EFBC}") = "Kkindle.Desktop.Windows", "src\Kkindle.Desktop.Windows\Kkindle.Desktop.Windows.csproj", "{8B5C0E39-4A17-4D62-B3F8-6E92D1A7C540}"
EndProject
Project("{FAE04EC0-301F-11D3-BF4B-00C04F79EFBC}") = "Kkindle.Core", "src\Kkindle.Core\Kkindle.Core.csproj", "{A9BF9E87-4A09-45B3-9FCE-DB5B1E4A5E77}"
EndProject
Project("{FAE04EC0-301F-11D3-BF4B-00C04F79EFBC}") = "Kkindle.Infrastructure", "src\Kkindle.Infrastructure\Kkindle.Infrastructure.csproj", "{0D9C0D8B-6B15-4B4F-9F19-7BD5BE4A98FD}"
EndProject
Project("{FAE04EC0-301F-11D3-BF4B-00C04F79EFBC}") = "Kkindle.Platform.Windows", "src\Kkindle.Platform.Windows\Kkindle.Platform.Windows.csproj", "{7C3E1A62-9D45-4F08-B1E7-2A6C5D93F4B1}"
EndProject
Project("{FAE04EC0-301F-11D3-BF4B-00C04F79EFBC}") = "Kkindle.Tests", "tests\Kkindle.Tests\Kkindle.Tests.csproj", "{ACF6A4D0-5C0C-4CF3-B2C1-1792D5E7AF14}"
EndProject
Project("{FAE04EC0-301F-11D3-BF4B-00C04F79EFBC}") = "Kkindle.Tests.Windows", "tests\Kkindle.Tests.Windows\Kkindle.Tests.Windows.csproj", "{3F8A2D14-7B6C-4E59-A0D3-8C41B7E2569D}"
EndProject
Project("{2150E333-8FDC-42A3-9474-1A3956D46DE8}") = "src", "src", "{827E0CD3-B72D-47B6-A68D-7590B98EB39B}"
EndProject
Project("{FAE04EC0-301F-11D3-BF4B-00C04F79EFBC}") = "Kkindle.Platform.Common", "src\Kkindle.Platform.Common\Kkindle.Platform.Common.csproj", "{93826F08-D8F7-4C51-85C6-00FF29046714}"
EndProject
Project("{FAE04EC0-301F-11D3-BF4B-00C04F79EFBC}") = "Kkindle.Platform.Linux", "src\Kkindle.Platform.Linux\Kkindle.Platform.Linux.csproj", "{461B6562-C897-4D17-B3DA-8480F8A86700}"
EndProject
Project("{FAE04EC0-301F-11D3-BF4B-00C04F79EFBC}") = "Kkindle.Platform.MacOS", "src\Kkindle.Platform.MacOS\Kkindle.Platform.MacOS.csproj", "{7CC51A06-B230-4592-86AA-E7DF4D45BCBB}"
EndProject
Project("{FAE04EC0-301F-11D3-BF4B-00C04F79EFBC}") = "Kkindle.Desktop.Linux", "src\Kkindle.Desktop.Linux\Kkindle.Desktop.Linux.csproj", "{6645E097-A0C0-4CFB-94BA-63F2A1ECB906}"
EndProject
Project("{FAE04EC0-301F-11D3-BF4B-00C04F79EFBC}") = "Kkindle.Desktop.MacOS", "src\Kkindle.Desktop.MacOS\Kkindle.Desktop.MacOS.csproj", "{BD8EDE7B-6FF3-4005-8E54-5CB0962066DC}"
EndProject
Project("{FAE04EC0-301F-11D3-BF4B-00C04F79EFBC}") = "Kkindle.Platform.Common.Tests", "tests\Kkindle.Platform.Common.Tests\Kkindle.Platform.Common.Tests.csproj", "{A75ABB77-9E43-4A23-9082-0BAB8DFFBC00}"
EndProject
Project("{FAE04EC0-301F-11D3-BF4B-00C04F79EFBC}") = "Kkindle.Layout", "src\Kkindle.Layout\Kkindle.Layout.csproj", "{B1537CA0-476F-4B83-8F47-0575E5C50546}"
EndProject
Global
	GlobalSection(SolutionConfigurationPlatforms) = preSolution
		Debug|x64 = Debug|x64
		Debug|Any CPU = Debug|Any CPU
		Debug|x86 = Debug|x86
		Release|x64 = Release|x64
		Release|Any CPU = Release|Any CPU
		Release|x86 = Release|x86
	EndGlobalSection
	GlobalSection(ProjectConfigurationPlatforms) = postSolution
		{2E9D6B47-1C58-4A03-9F62-5D8E71A4C3B0}.Debug|x64.ActiveCfg = Debug|x64
		{2E9D6B47-1C58-4A03-9F62-5D8E71A4C3B0}.Debug|x64.Build.0 = Debug|x64
		{2E9D6B47-1C58-4A03-9F62-5D8E71A4C3B0}.Debug|Any CPU.ActiveCfg = Debug|Any CPU
		{2E9D6B47-1C58-4A03-9F62-5D8E71A4C3B0}.Debug|Any CPU.Build.0 = Debug|Any CPU
		{2E9D6B47-1C58-4A03-9F62-5D8E71A4C3B0}.Debug|x86.ActiveCfg = Debug|Any CPU
		{2E9D6B47-1C58-4A03-9F62-5D8E71A4C3B0}.Debug|x86.Build.0 = Debug|Any CPU
		{2E9D6B47-1C58-4A03-9F62-5D8E71A4C3B0}.Release|x64.ActiveCfg = Release|x64
		{2E9D6B47-1C58-4A03-9F62-5D8E71A4C3B0}.Release|x64.Build.0 = Release|x64
		{2E9D6B47-1C58-4A03-9F62-5D8E71A4C3B0}.Release|Any CPU.ActiveCfg = Release|Any CPU
		{2E9D6B47-1C58-4A03-9F62-5D8E71A4C3B0}.Release|Any CPU.Build.0 = Release|Any CPU
		{2E9D6B47-1C58-4A03-9F62-5D8E71A4C3B0}.Release|x86.ActiveCfg = Release|Any CPU
		{2E9D6B47-1C58-4A03-9F62-5D8E71A4C3B0}.Release|x86.Build.0 = Release|Any CPU
		{8B5C0E39-4A17-4D62-B3F8-6E92D1A7C540}.Debug|x64.ActiveCfg = Debug|x64
		{8B5C0E39-4A17-4D62-B3F8-6E92D1A7C540}.Debug|x64.Build.0 = Debug|x64
		{8B5C0E39-4A17-4D62-B3F8-6E92D1A7C540}.Debug|Any CPU.ActiveCfg = Debug|Any CPU
		{8B5C0E39-4A17-4D62-B3F8-6E92D1A7C540}.Debug|Any CPU.Build.0 = Debug|Any CPU
		{8B5C0E39-4A17-4D62-B3F8-6E92D1A7C540}.Debug|x86.ActiveCfg = Debug|Any CPU
		{8B5C0E39-4A17-4D62-B3F8-6E92D1A7C540}.Debug|x86.Build.0 = Debug|Any CPU
		{8B5C0E39-4A17-4D62-B3F8-6E92D1A7C540}.Release|x64.ActiveCfg = Release|x64
		{8B5C0E39-4A17-4D62-B3F8-6E92D1A7C540}.Release|x64.Build.0 = Release|x64
		{8B5C0E39-4A17-4D62-B3F8-6E92D1A7C540}.Release|Any CPU.ActiveCfg = Release|Any CPU
		{8B5C0E39-4A17-4D62-B3F8-6E92D1A7C540}.Release|Any CPU.Build.0 = Release|Any CPU
		{8B5C0E39-4A17-4D62-B3F8-6E92D1A7C540}.Release|x86.ActiveCfg = Release|Any CPU
		{8B5C0E39-4A17-4D62-B3F8-6E92D1A7C540}.Release|x86.Build.0 = Release|Any CPU
		{A9BF9E87-4A09-45B3-9FCE-DB5B1E4A5E77}.Debug|x64.ActiveCfg = Debug|x64
		{A9BF9E87-4A09-45B3-9FCE-DB5B1E4A5E77}.Debug|x64.Build.0 = Debug|x64
		{A9BF9E87-4A09-45B3-9FCE-DB5B1E4A5E77}.Debug|Any CPU.ActiveCfg = Debug|Any CPU
		{A9BF9E87-4A09-45B3-9FCE-DB5B1E4A5E77}.Debug|Any CPU.Build.0 = Debug|Any CPU
		{A9BF9E87-4A09-45B3-9FCE-DB5B1E4A5E77}.Debug|x86.ActiveCfg = Debug|Any CPU
		{A9BF9E87-4A09-45B3-9FCE-DB5B1E4A5E77}.Debug|x86.Build.0 = Debug|Any CPU
		{A9BF9E87-4A09-45B3-9FCE-DB5B1E4A5E77}.Release|x64.ActiveCfg = Release|x64
		{A9BF9E87-4A09-45B3-9FCE-DB5B1E4A5E77}.Release|x64.Build.0 = Release|x64
		{A9BF9E87-4A09-45B3-9FCE-DB5B1E4A5E77}.Release|Any CPU.ActiveCfg = Release|Any CPU
		{A9BF9E87-4A09-45B3-9FCE-DB5B1E4A5E77}.Release|Any CPU.Build.0 = Release|Any CPU
		{A9BF9E87-4A09-45B3-9FCE-DB5B1E4A5E77}.Release|x86.ActiveCfg = Release|Any CPU
		{A9BF9E87-4A09-45B3-9FCE-DB5B1E4A5E77}.Release|x86.Build.0 = Release|Any CPU
		{0D9C0D8B-6B15-4B4F-9F19-7BD5BE4A98FD}.Debug|x64.ActiveCfg = Debug|x64
		{0D9C0D8B-6B15-4B4F-9F19-7BD5BE4A98FD}.Debug|x64.Build.0 = Debug|x64
		{0D9C0D8B-6B15-4B4F-9F19-7BD5BE4A98FD}.Debug|Any CPU.ActiveCfg = Debug|Any CPU
		{0D9C0D8B-6B15-4B4F-9F19-7BD5BE4A98FD}.Debug|Any CPU.Build.0 = Debug|Any CPU
		{0D9C0D8B-6B15-4B4F-9F19-7BD5BE4A98FD}.Debug|x86.ActiveCfg = Debug|Any CPU
		{0D9C0D8B-6B15-4B4F-9F19-7BD5BE4A98FD}.Debug|x86.Build.0 = Debug|Any CPU
		{0D9C0D8B-6B15-4B4F-9F19-7BD5BE4A98FD}.Release|x64.ActiveCfg = Release|x64
		{0D9C0D8B-6B15-4B4F-9F19-7BD5BE4A98FD}.Release|x64.Build.0 = Release|x64
		{0D9C0D8B-6B15-4B4F-9F19-7BD5BE4A98FD}.Release|Any CPU.ActiveCfg = Release|Any CPU
		{0D9C0D8B-6B15-4B4F-9F19-7BD5BE4A98FD}.Release|Any CPU.Build.0 = Release|Any CPU
		{0D9C0D8B-6B15-4B4F-9F19-7BD5BE4A98FD}.Release|x86.ActiveCfg = Release|Any CPU
		{0D9C0D8B-6B15-4B4F-9F19-7BD5BE4A98FD}.Release|x86.Build.0 = Release|Any CPU
		{7C3E1A62-9D45-4F08-B1E7-2A6C5D93F4B1}.Debug|x64.ActiveCfg = Debug|x64
		{7C3E1A62-9D45-4F08-B1E7-2A6C5D93F4B1}.Debug|x64.Build.0 = Debug|x64
		{7C3E1A62-9D45-4F08-B1E7-2A6C5D93F4B1}.Debug|Any CPU.ActiveCfg = Debug|Any CPU
		{7C3E1A62-9D45-4F08-B1E7-2A6C5D93F4B1}.Debug|Any CPU.Build.0 = Debug|Any CPU
		{7C3E1A62-9D45-4F08-B1E7-2A6C5D93F4B1}.Debug|x86.ActiveCfg = Debug|Any CPU
		{7C3E1A62-9D45-4F08-B1E7-2A6C5D93F4B1}.Debug|x86.Build.0 = Debug|Any CPU
		{7C3E1A62-9D45-4F08-B1E7-2A6C5D93F4B1}.Release|x64.ActiveCfg = Release|x64
		{7C3E1A62-9D45-4F08-B1E7-2A6C5D93F4B1}.Release|x64.Build.0 = Release|x64
		{7C3E1A62-9D45-4F08-B1E7-2A6C5D93F4B1}.Release|Any CPU.ActiveCfg = Release|Any CPU
		{7C3E1A62-9D45-4F08-B1E7-2A6C5D93F4B1}.Release|Any CPU.Build.0 = Release|Any CPU
		{7C3E1A62-9D45-4F08-B1E7-2A6C5D93F4B1}.Release|x86.ActiveCfg = Release|Any CPU
		{7C3E1A62-9D45-4F08-B1E7-2A6C5D93F4B1}.Release|x86.Build.0 = Release|Any CPU
		{ACF6A4D0-5C0C-4CF3-B2C1-1792D5E7AF14}.Debug|x64.ActiveCfg = Debug|x64
		{ACF6A4D0-5C0C-4CF3-B2C1-1792D5E7AF14}.Debug|x64.Build.0 = Debug|x64
		{ACF6A4D0-5C0C-4CF3-B2C1-1792D5E7AF14}.Debug|Any CPU.ActiveCfg = Debug|Any CPU
		{ACF6A4D0-5C0C-4CF3-B2C1-1792D5E7AF14}.Debug|Any CPU.Build.0 = Debug|Any CPU
		{ACF6A4D0-5C0C-4CF3-B2C1-1792D5E7AF14}.Debug|x86.ActiveCfg = Debug|Any CPU
		{ACF6A4D0-5C0C-4CF3-B2C1-1792D5E7AF14}.Debug|x86.Build.0 = Debug|Any CPU
		{ACF6A4D0-5C0C-4CF3-B2C1-1792D5E7AF14}.Release|x64.ActiveCfg = Release|x64
		{ACF6A4D0-5C0C-4CF3-B2C1-1792D5E7AF14}.Release|x64.Build.0 = Release|x64
		{ACF6A4D0-5C0C-4CF3-B2C1-1792D5E7AF14}.Release|Any CPU.ActiveCfg = Release|Any CPU
		{ACF6A4D0-5C0C-4CF3-B2C1-1792D5E7AF14}.Release|Any CPU.Build.0 = Release|Any CPU
		{ACF6A4D0-5C0C-4CF3-B2C1-1792D5E7AF14}.Release|x86.ActiveCfg = Release|Any CPU
		{ACF6A4D0-5C0C-4CF3-B2C1-1792D5E7AF14}.Release|x86.Build.0 = Release|Any CPU
		{3F8A2D14-7B6C-4E59-A0D3-8C41B7E2569D}.Debug|x64.ActiveCfg = Debug|x64
		{3F8A2D14-7B6C-4E59-A0D3-8C41B7E2569D}.Debug|x64.Build.0 = Debug|x64
		{3F8A2D14-7B6C-4E59-A0D3-8C41B7E2569D}.Debug|Any CPU.ActiveCfg = Debug|Any CPU
		{3F8A2D14-7B6C-4E59-A0D3-8C41B7E2569D}.Debug|Any CPU.Build.0 = Debug|Any CPU
		{3F8A2D14-7B6C-4E59-A0D3-8C41B7E2569D}.Debug|x86.ActiveCfg = Debug|Any CPU
		{3F8A2D14-7B6C-4E59-A0D3-8C41B7E2569D}.Debug|x86.Build.0 = Debug|Any CPU
		{3F8A2D14-7B6C-4E59-A0D3-8C41B7E2569D}.Release|x64.ActiveCfg = Release|x64
		{3F8A2D14-7B6C-4E59-A0D3-8C41B7E2569D}.Release|x64.Build.0 = Release|x64
		{3F8A2D14-7B6C-4E59-A0D3-8C41B7E2569D}.Release|Any CPU.ActiveCfg = Release|Any CPU
		{3F8A2D14-7B6C-4E59-A0D3-8C41B7E2569D}.Release|Any CPU.Build.0 = Release|Any CPU
		{3F8A2D14-7B6C-4E59-A0D3-8C41B7E2569D}.Release|x86.ActiveCfg = Release|Any CPU
		{3F8A2D14-7B6C-4E59-A0D3-8C41B7E2569D}.Release|x86.Build.0 = Release|Any CPU
		{93826F08-D8F7-4C51-85C6-00FF29046714}.Debug|x64.ActiveCfg = Debug|Any CPU
		{93826F08-D8F7-4C51-85C6-00FF29046714}.Debug|x64.Build.0 = Debug|Any CPU
		{93826F08-D8F7-4C51-85C6-00FF29046714}.Debug|Any CPU.ActiveCfg = Debug|Any CPU
		{93826F08-D8F7-4C51-85C6-00FF29046714}.Debug|Any CPU.Build.0 = Debug|Any CPU
		{93826F08-D8F7-4C51-85C6-00FF29046714}.Debug|x86.ActiveCfg = Debug|Any CPU
		{93826F08-D8F7-4C51-85C6-00FF29046714}.Debug|x86.Build.0 = Debug|Any CPU
		{93826F08-D8F7-4C51-85C6-00FF29046714}.Release|x64.ActiveCfg = Release|Any CPU
		{93826F08-D8F7-4C51-85C6-00FF29046714}.Release|x64.Build.0 = Release|Any CPU
		{93826F08-D8F7-4C51-85C6-00FF29046714}.Release|Any CPU.ActiveCfg = Release|Any CPU
		{93826F08-D8F7-4C51-85C6-00FF29046714}.Release|Any CPU.Build.0 = Release|Any CPU
		{93826F08-D8F7-4C51-85C6-00FF29046714}.Release|x86.ActiveCfg = Release|Any CPU
		{93826F08-D8F7-4C51-85C6-00FF29046714}.Release|x86.Build.0 = Release|Any CPU
		{461B6562-C897-4D17-B3DA-8480F8A86700}.Debug|x64.ActiveCfg = Debug|Any CPU
		{461B6562-C897-4D17-B3DA-8480F8A86700}.Debug|x64.Build.0 = Debug|Any CPU
		{461B6562-C897-4D17-B3DA-8480F8A86700}.Debug|Any CPU.ActiveCfg = Debug|Any CPU
		{461B6562-C897-4D17-B3DA-8480F8A86700}.Debug|Any CPU.Build.0 = Debug|Any CPU
		{461B6562-C897-4D17-B3DA-8480F8A86700}.Debug|x86.ActiveCfg = Debug|Any CPU
		{461B6562-C897-4D17-B3DA-8480F8A86700}.Debug|x86.Build.0 = Debug|Any CPU
		{461B6562-C897-4D17-B3DA-8480F8A86700}.Release|x64.ActiveCfg = Release|Any CPU
		{461B6562-C897-4D17-B3DA-8480F8A86700}.Release|x64.Build.0 = Release|Any CPU
		{461B6562-C897-4D17-B3DA-8480F8A86700}.Release|Any CPU.ActiveCfg = Release|Any CPU
		{461B6562-C897-4D17-B3DA-8480F8A86700}.Release|Any CPU.Build.0 = Release|Any CPU
		{461B6562-C897-4D17-B3DA-8480F8A86700}.Release|x86.ActiveCfg = Release|Any CPU
		{461B6562-C897-4D17-B3DA-8480F8A86700}.Release|x86.Build.0 = Release|Any CPU
		{7CC51A06-B230-4592-86AA-E7DF4D45BCBB}.Debug|x64.ActiveCfg = Debug|Any CPU
		{7CC51A06-B230-4592-86AA-E7DF4D45BCBB}.Debug|x64.Build.0 = Debug|Any CPU
		{7CC51A06-B230-4592-86AA-E7DF4D45BCBB}.Debug|Any CPU.ActiveCfg = Debug|Any CPU
		{7CC51A06-B230-4592-86AA-E7DF4D45BCBB}.Debug|Any CPU.Build.0 = Debug|Any CPU
		{7CC51A06-B230-4592-86AA-E7DF4D45BCBB}.Debug|x86.ActiveCfg = Debug|Any CPU
		{7CC51A06-B230-4592-86AA-E7DF4D45BCBB}.Debug|x86.Build.0 = Debug|Any CPU
		{7CC51A06-B230-4592-86AA-E7DF4D45BCBB}.Release|x64.ActiveCfg = Release|Any CPU
		{7CC51A06-B230-4592-86AA-E7DF4D45BCBB}.Release|x64.Build.0 = Release|Any CPU
		{7CC51A06-B230-4592-86AA-E7DF4D45BCBB}.Release|Any CPU.ActiveCfg = Release|Any CPU
		{7CC51A06-B230-4592-86AA-E7DF4D45BCBB}.Release|Any CPU.Build.0 = Release|Any CPU
		{7CC51A06-B230-4592-86AA-E7DF4D45BCBB}.Release|x86.ActiveCfg = Release|Any CPU
		{7CC51A06-B230-4592-86AA-E7DF4D45BCBB}.Release|x86.Build.0 = Release|Any CPU
		{6645E097-A0C0-4CFB-94BA-63F2A1ECB906}.Debug|x64.ActiveCfg = Debug|Any CPU
		{6645E097-A0C0-4CFB-94BA-63F2A1ECB906}.Debug|x64.Build.0 = Debug|Any CPU
		{6645E097-A0C0-4CFB-94BA-63F2A1ECB906}.Debug|Any CPU.ActiveCfg = Debug|Any CPU
		{6645E097-A0C0-4CFB-94BA-63F2A1ECB906}.Debug|Any CPU.Build.0 = Debug|Any CPU
		{6645E097-A0C0-4CFB-94BA-63F2A1ECB906}.Debug|x86.ActiveCfg = Debug|Any CPU
		{6645E097-A0C0-4CFB-94BA-63F2A1ECB906}.Debug|x86.Build.0 = Debug|Any CPU
		{6645E097-A0C0-4CFB-94BA-63F2A1ECB906}.Release|x64.ActiveCfg = Release|Any CPU
		{6645E097-A0C0-4CFB-94BA-63F2A1ECB906}.Release|x64.Build.0 = Release|Any CPU
		{6645E097-A0C0-4CFB-94BA-63F2A1ECB906}.Release|Any CPU.ActiveCfg = Release|Any CPU
		{6645E097-A0C0-4CFB-94BA-63F2A1ECB906}.Release|Any CPU.Build.0 = Release|Any CPU
		{6645E097-A0C0-4CFB-94BA-63F2A1ECB906}.Release|x86.ActiveCfg = Release|Any CPU
		{6645E097-A0C0-4CFB-94BA-63F2A1ECB906}.Release|x86.Build.0 = Release|Any CPU
		{BD8EDE7B-6FF3-4005-8E54-5CB0962066DC}.Debug|x64.ActiveCfg = Debug|Any CPU
		{BD8EDE7B-6FF3-4005-8E54-5CB0962066DC}.Debug|x64.Build.0 = Debug|Any CPU
		{BD8EDE7B-6FF3-4005-8E54-5CB0962066DC}.Debug|Any CPU.ActiveCfg = Debug|Any CPU
		{BD8EDE7B-6FF3-4005-8E54-5CB0962066DC}.Debug|Any CPU.Build.0 = Debug|Any CPU
		{BD8EDE7B-6FF3-4005-8E54-5CB0962066DC}.Debug|x86.ActiveCfg = Debug|Any CPU
		{BD8EDE7B-6FF3-4005-8E54-5CB0962066DC}.Debug|x86.Build.0 = Debug|Any CPU
		{BD8EDE7B-6FF3-4005-8E54-5CB0962066DC}.Release|x64.ActiveCfg = Release|Any CPU
		{BD8EDE7B-6FF3-4005-8E54-5CB0962066DC}.Release|x64.Build.0 = Release|Any CPU
		{BD8EDE7B-6FF3-4005-8E54-5CB0962066DC}.Release|Any CPU.ActiveCfg = Release|Any CPU
		{BD8EDE7B-6FF3-4005-8E54-5CB0962066DC}.Release|Any CPU.Build.0 = Release|Any CPU
		{BD8EDE7B-6FF3-4005-8E54-5CB0962066DC}.Release|x86.ActiveCfg = Release|Any CPU
		{BD8EDE7B-6FF3-4005-8E54-5CB0962066DC}.Release|x86.Build.0 = Release|Any CPU
		{A75ABB77-9E43-4A23-9082-0BAB8DFFBC00}.Debug|x64.ActiveCfg = Debug|Any CPU
		{A75ABB77-9E43-4A23-9082-0BAB8DFFBC00}.Debug|x64.Build.0 = Debug|Any CPU
		{A75ABB77-9E43-4A23-9082-0BAB8DFFBC00}.Debug|Any CPU.ActiveCfg = Debug|Any CPU
		{A75ABB77-9E43-4A23-9082-0BAB8DFFBC00}.Debug|Any CPU.Build.0 = Debug|Any CPU
		{A75ABB77-9E43-4A23-9082-0BAB8DFFBC00}.Debug|x86.ActiveCfg = Debug|Any CPU
		{A75ABB77-9E43-4A23-9082-0BAB8DFFBC00}.Debug|x86.Build.0 = Debug|Any CPU
		{A75ABB77-9E43-4A23-9082-0BAB8DFFBC00}.Release|x64.ActiveCfg = Release|Any CPU
		{A75ABB77-9E43-4A23-9082-0BAB8DFFBC00}.Release|x64.Build.0 = Release|Any CPU
		{A75ABB77-9E43-4A23-9082-0BAB8DFFBC00}.Release|Any CPU.ActiveCfg = Release|Any CPU
		{A75ABB77-9E43-4A23-9082-0BAB8DFFBC00}.Release|Any CPU.Build.0 = Release|Any CPU
		{A75ABB77-9E43-4A23-9082-0BAB8DFFBC00}.Release|x86.ActiveCfg = Release|Any CPU
		{A75ABB77-9E43-4A23-9082-0BAB8DFFBC00}.Release|x86.Build.0 = Release|Any CPU
		{B1537CA0-476F-4B83-8F47-0575E5C50546}.Debug|x64.ActiveCfg = Debug|Any CPU
		{B1537CA0-476F-4B83-8F47-0575E5C50546}.Debug|x64.Build.0 = Debug|Any CPU
		{B1537CA0-476F-4B83-8F47-0575E5C50546}.Debug|Any CPU.ActiveCfg = Debug|Any CPU
		{B1537CA0-476F-4B83-8F47-0575E5C50546}.Debug|Any CPU.Build.0 = Debug|Any CPU
		{B1537CA0-476F-4B83-8F47-0575E5C50546}.Debug|x86.ActiveCfg = Debug|Any CPU
		{B1537CA0-476F-4B83-8F47-0575E5C50546}.Debug|x86.Build.0 = Debug|Any CPU
		{B1537CA0-476F-4B83-8F47-0575E5C50546}.Release|x64.ActiveCfg = Release|Any CPU
		{B1537CA0-476F-4B83-8F47-0575E5C50546}.Release|x64.Build.0 = Release|Any CPU
		{B1537CA0-476F-4B83-8F47-0575E5C50546}.Release|Any CPU.ActiveCfg = Release|Any CPU
		{B1537CA0-476F-4B83-8F47-0575E5C50546}.Release|Any CPU.Build.0 = Release|Any CPU
		{B1537CA0-476F-4B83-8F47-0575E5C50546}.Release|x86.ActiveCfg = Release|Any CPU
		{B1537CA0-476F-4B83-8F47-0575E5C50546}.Release|x86.Build.0 = Release|Any CPU
	EndGlobalSection
	GlobalSection(SolutionProperties) = preSolution
		HideSolutionNode = FALSE
	EndGlobalSection
	GlobalSection(NestedProjects) = preSolution
		{93826F08-D8F7-4C51-85C6-00FF29046714} = {827E0CD3-B72D-47B6-A68D-7590B98EB39B}
		{461B6562-C897-4D17-B3DA-8480F8A86700} = {827E0CD3-B72D-47B6-A68D-7590B98EB39B}
		{7CC51A06-B230-4592-86AA-E7DF4D45BCBB} = {827E0CD3-B72D-47B6-A68D-7590B98EB39B}
		{6645E097-A0C0-4CFB-94BA-63F2A1ECB906} = {827E0CD3-B72D-47B6-A68D-7590B98EB39B}
		{BD8EDE7B-6FF3-4005-8E54-5CB0962066DC} = {827E0CD3-B72D-47B6-A68D-7590B98EB39B}
		{A75ABB77-9E43-4A23-9082-0BAB8DFFBC00} = {827E0CD3-B72D-47B6-A68D-7590B98EB39B}
		{B1537CA0-476F-4B83-8F47-0575E5C50546} = {827E0CD3-B72D-47B6-A68D-7590B98EB39B}
	EndGlobalSection
EndGlobal
